{
  "nodes": {
    "flake-utils": {
      "inputs": {
        "systems": "systems"
      },
      "locked": {
        "lastModified": 1694529238,
        "narHash": "sha256-zsNZZGTGnMOf9YpHKJqMSsa0dXbfmxeoJ7xHlrt+xmY=",
        "owner": "numtide",
        "repo": "flake-utils",
        "rev": "ff7b65b44d01cf9ba6a71320833626af21126384",
        "type": "github"
      },
      "original": {
        "owner": "numtide",
        "repo": "flake-utils",
        "type": "github"
      }
    },
    "fonts": {
      "flake": false,
      "locked": {
        "lastModified": 1692388812,
        "narHash": "sha256-2Nt1dvguH5vCbjDfKKhG2O8KJpFBseG8HU2LJ2OAAR0=",
        "ref": "refs/heads/master",
        "rev": "6574a6a63ccb31981fac5c4be8d3156077167a60",
        "revCount": 7,
        "type": "git",
        "url": "ssh://git@github.com/supermarin/fonts"
      },
      "original": {
        "type": "git",
        "url": "ssh://git@github.com/supermarin/fonts"
      }
    },
    "home-manager": {
      "inputs": {
        "nixpkgs": [
          "nixpkgs"
        ]
      },
      "locked": {
        "lastModified": 1704358952,
        "narHash": "sha256-yazDFmdyKr0JGMqmzQ5bYOW5FWvau8oFvsQ8eSB2f3A=",
        "owner": "nix-community",
        "repo": "home-manager",
        "rev": "c36cb65c4a0ba17ab9262ab3c30920429348746c",
        "type": "github"
      },
      "original": {
        "owner": "nix-community",
        "repo": "home-manager",
        "type": "github"
      }
    },
    "nixlib": {
      "locked": {
        "lastModified": 1693701915,
        "narHash": "sha256-waHPLdDYUOHSEtMKKabcKIMhlUOHPOOPQ9UyFeEoovs=",
        "owner": "nix-community",
        "repo": "nixpkgs.lib",
        "rev": "f5af57d3ef9947a70ac86e42695231ac1ad00c25",
        "type": "github"
      },
      "original": {
        "owner": "nix-community",
        "repo": "nixpkgs.lib",
        "type": "github"
      }
    },
    "nixos-generators": {
      "inputs": {
        "nixlib": "nixlib",
        "nixpkgs": [
          "nixpkgs"
        ]
      },
      "locked": {
        "lastModified": 1701689616,
        "narHash": "sha256-ewnfgvRy73HoP5KnYmy1Rcr4m4yShvsb6TCCaKoW8pc=",
        "owner": "nix-community",
        "repo": "nixos-generators",
        "rev": "246219bc21b943c6f6812bb7744218ba0df08600",
        "type": "github"
      },
      "original": {
        "owner": "nix-community",
        "repo": "nixos-generators",
        "type": "github"
      }
    },
    "nixos-hardware": {
      "locked": {
        "lastModified": 1704266875,
        "narHash": "sha256-luA5SGmeIRZlgLfSLUuR3eacS63q2bJ0Yywqak5lj3E=",
        "owner": "NixOS",
        "repo": "nixos-hardware",
        "rev": "8e34f33464d77bea2d5cf7dc1066647b1ad2b324",
        "type": "github"
      },
      "original": {
        "owner": "NixOS",
        "repo": "nixos-hardware",
        "type": "github"
      }
    },
    "nixpkgs": {
      "locked": {
        "lastModified": 1704381504,
        "narHash": "sha256-RJQ6yjptPsYpg7YMoENUIzxhSsMINbZmzCKsKWB95nQ=",
        "owner": "nixos",
        "repo": "nixpkgs",
        "rev": "88b7d767eb1b070646888b4f224fa85c37a8fe08",
        "type": "github"
      },
      "original": {
        "owner": "nixos",
        "repo": "nixpkgs",
        "type": "github"
      }
    },
    "pcscd-keep-alive": {
      "inputs": {
        "flake-utils": "flake-utils",
        "nixpkgs": [
          "nixpkgs"
        ]
      },
      "locked": {
        "lastModified": 1700580865,
        "narHash": "sha256-FpEu4m4m0U9YVVKXO7rJOpYRqT7yUvTmpVLKYt2gpIw=",
        "owner": "supermarin",
        "repo": "pcscd-keep-alive",
        "rev": "86f703fa184b8bb1b8e0e1979f7e22bf02d3d4e8",
        "type": "github"
      },
      "original": {
        "owner": "supermarin",
        "repo": "pcscd-keep-alive",
        "type": "github"
      }
    },
    "root": {
      "inputs": {
        "fonts": "fonts",
        "home-manager": "home-manager",
        "nixos-generators": "nixos-generators",
        "nixos-hardware": "nixos-hardware",
        "nixpkgs": "nixpkgs",
        "pcscd-keep-alive": "pcscd-keep-alive"
      }
    },
    "systems": {
      "locked": {
        "lastModified": 1681028828,
        "narHash": "sha256-Vy1rq5AaRuLzOxct8nz4T6wlgyUR7zLU309k9mBC768=",
        "owner": "nix-systems",
        "repo": "default",
        "rev": "da67096a3b9bf56a91d16901293e51ba5b49a27e",
        "type": "github"
      },
      "original": {
        "owner": "nix-systems",
        "repo": "default",
        "type": "github"
      }
    }
  },
  "root": "root",
  "version": 7
}
