{
  "nodes": {
    "asdcontrol": {
      "inputs": {
        "flake-utils": [
          "flake-utils"
        ],
        "nixpkgs": [
          "nixpkgs"
        ]
      },
      "locked": {
        "lastModified": 1739308870,
        "narHash": "sha256-1B94uN9sguA5S8xWCE9bdacE2MJ4Xi8IzbRPADlamkc=",
        "owner": "supermarin",
        "repo": "asdcontrol",
        "rev": "b1eae1492ea8a1b157b29f59b935cf851d9f7ce3",
        "type": "github"
      },
      "original": {
        "owner": "supermarin",
        "repo": "asdcontrol",
        "type": "github"
      }
    },
    "disko": {
      "inputs": {
        "nixpkgs": [
          "nixpkgs"
        ]
      },
      "locked": {
        "lastModified": 1768920986,
        "narHash": "sha256-CNzzBsRhq7gg4BMBuTDObiWDH/rFYHEuDRVOwCcwXw4=",
        "owner": "nix-community",
        "repo": "disko",
        "rev": "de5708739256238fb912c62f03988815db89ec9a",
        "type": "github"
      },
      "original": {
        "owner": "nix-community",
        "ref": "latest",
        "repo": "disko",
        "type": "github"
      }
    },
    "flake-parts": {
      "inputs": {
        "nixpkgs-lib": [
          "neovim-nightly",
          "nixpkgs"
        ]
      },
      "locked": {
        "lastModified": 1772408722,
        "narHash": "sha256-rHuJtdcOjK7rAHpHphUb1iCvgkU3GpfvicLMwwnfMT0=",
        "owner": "hercules-ci",
        "repo": "flake-parts",
        "rev": "f20dc5d9b8027381c474144ecabc9034d6a839a3",
        "type": "github"
      },
      "original": {
        "owner": "hercules-ci",
        "repo": "flake-parts",
        "type": "github"
      }
    },
    "flake-utils": {
      "inputs": {
        "systems": "systems"
      },
      "locked": {
        "lastModified": 1731533236,
        "narHash": "sha256-l0KFg5HjrsfsO/JpG+r7fRrqm12kzFHyUHqHCVpMMbI=",
        "owner": "numtide",
        "repo": "flake-utils",
        "rev": "11707dc2f618dd54ca8739b309ec4fc024de578b",
        "type": "github"
      },
      "original": {
        "owner": "numtide",
        "repo": "flake-utils",
        "type": "github"
      }
    },
    "fonts": {
      "inputs": {
        "flake-utils": [
          "flake-utils"
        ],
        "nixpkgs": [
          "nixpkgs"
        ]
      },
      "locked": {
        "lastModified": 1770923900,
        "narHash": "sha256-LH1hotCrULkVAGbrIXW49PvTb7e6C3Nq4VSFJy6KmwU=",
        "ref": "refs/heads/master",
        "rev": "34cc4d94dac0b2a58da5016562fb2422fd468faa",
        "revCount": 12,
        "type": "git",
        "url": "ssh://git@github.com/supermarin/fonts"
      },
      "original": {
        "type": "git",
        "url": "ssh://git@github.com/supermarin/fonts"
      }
    },
    "home-manager": {
      "inputs": {
        "nixpkgs": [
          "nixpkgs"
        ]
      },
      "locked": {
        "lastModified": 1772380461,
        "narHash": "sha256-O3ukj3Bb3V0Tiy/4LUfLlBpWypJ9P0JeUgsKl2nmZZY=",
        "owner": "nix-community",
        "repo": "home-manager",
        "rev": "f140aa04d7d14f8a50ab27f3691b5766b17ae961",
        "type": "github"
      },
      "original": {
        "owner": "nix-community",
        "repo": "home-manager",
        "type": "github"
      }
    },
    "jupyter": {
      "inputs": {
        "flake-utils": [
          "flake-utils"
        ],
        "nixpkgs": [
          "nixpkgs"
        ],
        "pyproject-build-systems": "pyproject-build-systems",
        "pyproject-nix": "pyproject-nix",
        "uv2nix": "uv2nix"
      },
      "locked": {
        "lastModified": 1761756389,
        "narHash": "sha256-PpBmeiqI9z9KT+jxVnKvw/zvjLom8SrV0RZKYk4uAQ0=",
        "ref": "refs/heads/main",
        "rev": "ca881485a21c2da14c535858536c9519a929f618",
        "revCount": 85,
        "type": "git",
        "url": "ssh://git@github.com/squale-capital/jupyter"
      },
      "original": {
        "type": "git",
        "url": "ssh://git@github.com/squale-capital/jupyter"
      }
    },
    "neovim-nightly": {
      "inputs": {
        "flake-parts": "flake-parts",
        "neovim-src": "neovim-src",
        "nixpkgs": [
          "nixpkgs"
        ]
      },
      "locked": {
        "lastModified": 1772409903,
        "narHash": "sha256-yue9XaZ7WHOFJmm3DMEmrF536pHwGxTxh/xr0f1MzNU=",
        "owner": "nix-community",
        "repo": "neovim-nightly-overlay",
        "rev": "28962d176db883e4fda4b808e220051f376969da",
        "type": "github"
      },
      "original": {
        "owner": "nix-community",
        "repo": "neovim-nightly-overlay",
        "type": "github"
      }
    },
    "neovim-src": {
      "flake": false,
      "locked": {
        "lastModified": 1772353308,
        "narHash": "sha256-k/3msPgpWW9CRFIp3nz6hJzV+GArXw4m35c0t6fKJK4=",
        "owner": "neovim",
        "repo": "neovim",
        "rev": "563f9ef7994a35686419b4524cd772c97960dac1",
        "type": "github"
      },
      "original": {
        "owner": "neovim",
        "repo": "neovim",
        "type": "github"
      }
    },
    "nixos-hardware": {
      "locked": {
        "lastModified": 1771969195,
        "narHash": "sha256-qwcDBtrRvJbrrnv1lf/pREQi8t2hWZxVAyeMo7/E9sw=",
        "owner": "NixOS",
        "repo": "nixos-hardware",
        "rev": "41c6b421bdc301b2624486e11905c9af7b8ec68e",
        "type": "github"
      },
      "original": {
        "owner": "NixOS",
        "repo": "nixos-hardware",
        "type": "github"
      }
    },
    "nixpkgs": {
      "locked": {
        "lastModified": 1772419343,
        "narHash": "sha256-xAHiI07j8nMZuA53r40AoWgYH9bKCgaVowNq5MpkE3g=",
        "rev": "93178f6a00c22fcdee1c6f5f9ab92f2072072ea9",
        "type": "tarball",
        "url": "https://releases.nixos.org/nixpkgs/nixpkgs-26.05pre956909.93178f6a00c2/nixexprs.tar.xz?lastModified=1772419343&rev=93178f6a00c22fcdee1c6f5f9ab92f2072072ea9"
      },
      "original": {
        "type": "tarball",
        "url": "https://channels.nixos.org/nixpkgs-unstable/nixexprs.tar.xz"
      }
    },
    "opencode": {
      "inputs": {
        "nixpkgs": [
          "nixpkgs"
        ]
      },
      "locked": {
        "lastModified": 1772410246,
        "narHash": "sha256-ZfTUQJFh01xIguL6/kGslG4RFS+OLnxXbddoU/NKgCk=",
        "owner": "gigamonster256",
        "repo": "opencode",
        "rev": "0ab85db2367a6c0924e2411a56c270aeaac9e4f0",
        "type": "github"
      },
      "original": {
        "owner": "anomalyco",
        "repo": "opencode",
        "type": "github"
      }
    },
    "pyproject-build-systems": {
      "inputs": {
        "nixpkgs": [
          "jupyter",
          "nixpkgs"
        ],
        "pyproject-nix": [
          "jupyter",
          "pyproject-nix"
        ],
        "uv2nix": [
          "jupyter",
          "uv2nix"
        ]
      },
      "locked": {
        "lastModified": 1759113590,
        "narHash": "sha256-fgxP2RCN4cg0jYiMYoETYc7TZ2JjgyvJa2y9l8oSUFE=",
        "owner": "pyproject-nix",
        "repo": "build-system-pkgs",
        "rev": "dbfc0483b5952c6b86e36f8b3afeb9dde30ea4b5",
        "type": "github"
      },
      "original": {
        "owner": "pyproject-nix",
        "repo": "build-system-pkgs",
        "type": "github"
      }
    },
    "pyproject-nix": {
      "inputs": {
        "nixpkgs": [
          "jupyter",
          "nixpkgs"
        ]
      },
      "locked": {
        "lastModified": 1760402624,
        "narHash": "sha256-jF6UKLs2uGc2rtved8Vrt58oTWjTQoAssuYs/0578Z4=",
        "owner": "pyproject-nix",
        "repo": "pyproject.nix",
        "rev": "84c4ea102127c77058ea1ed7be7300261fafc7d2",
        "type": "github"
      },
      "original": {
        "owner": "pyproject-nix",
        "repo": "pyproject.nix",
        "type": "github"
      }
    },
    "root": {
      "inputs": {
        "asdcontrol": "asdcontrol",
        "disko": "disko",
        "flake-utils": "flake-utils",
        "fonts": "fonts",
        "home-manager": "home-manager",
        "jupyter": "jupyter",
        "neovim-nightly": "neovim-nightly",
        "nixos-hardware": "nixos-hardware",
        "nixpkgs": "nixpkgs",
        "opencode": "opencode",
        "steven-black-hosts": "steven-black-hosts",
        "zen-browser": "zen-browser"
      }
    },
    "steven-black-hosts": {
      "inputs": {
        "nixpkgs": [
          "nixpkgs"
        ]
      },
      "locked": {
        "lastModified": 1772371087,
        "narHash": "sha256-4exSkO2QcRy+yhQf2tV6jgO3noNNPvSeIad1YLxpazI=",
        "owner": "StevenBlack",
        "repo": "hosts",
        "rev": "484d3c71b9433e08fa887297e25a3b53c0c6fd57",
        "type": "github"
      },
      "original": {
        "owner": "StevenBlack",
        "repo": "hosts",
        "type": "github"
      }
    },
    "systems": {
      "locked": {
        "lastModified": 1681028828,
        "narHash": "sha256-Vy1rq5AaRuLzOxct8nz4T6wlgyUR7zLU309k9mBC768=",
        "owner": "nix-systems",
        "repo": "default",
        "rev": "da67096a3b9bf56a91d16901293e51ba5b49a27e",
        "type": "github"
      },
      "original": {
        "owner": "nix-systems",
        "repo": "default",
        "type": "github"
      }
    },
    "uv2nix": {
      "inputs": {
        "nixpkgs": [
          "jupyter",
          "nixpkgs"
        ],
        "pyproject-nix": [
          "jupyter",
          "pyproject-nix"
        ]
      },
      "locked": {
        "lastModified": 1761527626,
        "narHash": "sha256-neDfvbpFlzUQfH9C+hVRUX0/RXUbJBidw4pFcdMYhZA=",
        "owner": "pyproject-nix",
        "repo": "uv2nix",
        "rev": "46a8e8bbb2d9e34b686329ac16e4a8861394f03a",
        "type": "github"
      },
      "original": {
        "owner": "pyproject-nix",
        "repo": "uv2nix",
        "type": "github"
      }
    },
    "zen-browser": {
      "inputs": {
        "home-manager": [
          "home-manager"
        ],
        "nixpkgs": [
          "nixpkgs"
        ]
      },
      "locked": {
        "lastModified": 1772426935,
        "narHash": "sha256-fLxV/FzP06eaoMFzwrnKk9x0b+kaNNjbFfp6+rsRKGs=",
        "owner": "0xc000022070",
        "repo": "zen-browser-flake",
        "rev": "6caef0bf5e38a793fd269333f000b7299b160900",
        "type": "github"
      },
      "original": {
        "owner": "0xc000022070",
        "repo": "zen-browser-flake",
        "type": "github"
      }
    }
  },
  "root": "root",
  "version": 7
}
