{
  "nodes": {
    "darwin": {
      "inputs": {
        "nixpkgs": [
          "nixpkgs"
        ]
      },
      "locked": {
        "lastModified": 1667294277,
        "narHash": "sha256-YhVGYUpPZNpJZ8z3Sq9aT6n1/B8vKtfRfwaCtbsosxk=",
        "owner": "lnl7",
        "repo": "nix-darwin",
        "rev": "b7177030643374e698c29e993c2808efa7b85aaf",
        "type": "github"
      },
      "original": {
        "owner": "lnl7",
        "repo": "nix-darwin",
        "type": "github"
      }
    },
    "home-manager": {
      "inputs": {
        "nixpkgs": [
          "nixpkgs"
        ],
        "utils": "utils"
      },
      "locked": {
        "lastModified": 1667335125,
        "narHash": "sha256-HXkzk5bkBz2Jb2NqYorIAmYyjHqQcMchvqw9TUeNa3I=",
        "owner": "supermarin",
        "repo": "home-manager",
        "rev": "f4503cb6353374a6efd23e95782da10b140926ab",
        "type": "github"
      },
      "original": {
        "owner": "supermarin",
        "repo": "home-manager",
        "type": "github"
      }
    },
    "nixlib": {
      "locked": {
        "lastModified": 1636849918,
        "narHash": "sha256-nzUK6dPcTmNVrgTAC1EOybSMsrcx+QrVPyqRdyKLkjA=",
        "owner": "nix-community",
        "repo": "nixpkgs.lib",
        "rev": "28a5b0557f14124608db68d3ee1f77e9329e9dd5",
        "type": "github"
      },
      "original": {
        "owner": "nix-community",
        "repo": "nixpkgs.lib",
        "type": "github"
      }
    },
    "nixos-generators": {
      "inputs": {
        "nixlib": "nixlib",
        "nixpkgs": [
          "nixpkgs"
        ]
      },
      "locked": {
        "lastModified": 1666812839,
        "narHash": "sha256-0nBDgjPU+iDsvz89W+cDEyhnFGSwCJmwDl/gMGqYiU0=",
        "owner": "nix-community",
        "repo": "nixos-generators",
        "rev": "41f3518bc194389df22a3d198215eae75e6b5ab9",
        "type": "github"
      },
      "original": {
        "owner": "nix-community",
        "repo": "nixos-generators",
        "type": "github"
      }
    },
    "nixpkgs": {
      "locked": {
        "lastModified": 1665427476,
        "narHash": "sha256-4HtQ3TAg4t1fqsnVnqNTGY6upSS7IhXolgE4ErUF0Kk=",
        "owner": "nixos",
        "repo": "nixpkgs",
        "rev": "104e7ab416917721b27b8815c3d68969b4dacd29",
        "type": "github"
      },
      "original": {
        "owner": "nixos",
        "repo": "nixpkgs",
        "rev": "104e7ab416917721b27b8815c3d68969b4dacd29",
        "type": "github"
      }
    },
    "root": {
      "inputs": {
        "darwin": "darwin",
        "home-manager": "home-manager",
        "nixos-generators": "nixos-generators",
        "nixpkgs": "nixpkgs"
      }
    },
    "utils": {
      "locked": {
        "lastModified": 1667077288,
        "narHash": "sha256-bdC8sFNDpT0HK74u9fUkpbf1MEzVYJ+ka7NXCdgBoaA=",
        "owner": "numtide",
        "repo": "flake-utils",
        "rev": "6ee9ebb6b1ee695d2cacc4faa053a7b9baa76817",
        "type": "github"
      },
      "original": {
        "owner": "numtide",
        "repo": "flake-utils",
        "type": "github"
      }
    }
  },
  "root": "root",
  "version": 7
}
